
Microsoft Visual Studio Solution File, Format Version 12.00
# Visual Studio 15
VisualStudioVersion = 15.0.27004.2002
MinimumVisualStudioVersion = 10.0.40219.1
Project("{FAE04EC0-301F-11D3-BF4B-00C04F79EFBC}") = "SliderWithTickLabels", "SliderWithTickLabels\SliderWithTickLabels.csproj", "{9D77255E-FFE1-4B28-A164-870CBA08BBD1}"
EndProject
Global
	GlobalSection(SolutionConfigurationPlatforms) = preSolution
		Debug|Any CPU = Debug|Any CPU
		Release|Any CPU = Release|Any CPU
	EndGlobalSection
	GlobalSection(ProjectConfigurationPlatforms) = postSolution
		{9D77255E-FFE1-4B28-A164-870CBA08BBD1}.Debug|Any CPU.ActiveCfg = Debug|Any CPU
		{9D77255E-FFE1-4B28-A164-870CBA08BBD1}.Debug|Any CPU.Build.0 = Debug|Any CPU
		{9D77255E-FFE1-4B28-A164-870CBA08BBD1}.Release|Any CPU.ActiveCfg = Release|Any CPU
		{9D77255E-FFE1-4B28-A164-870CBA08BBD1}.Release|Any CPU.Build.0 = Release|Any CPU
	EndGlobalSection
	GlobalSection(SolutionProperties) = preSolution
		HideSolutionNode = FALSE
	EndGlobalSection
	GlobalSection(ExtensibilityGlobals) = postSolution
		SolutionGuid = {8292D5FD-12AD-40F3-ACF4-34DFCDC9D215}
	EndGlobalSection
EndGlobal
